
Microsoft Visual Studio Solution File, Format Version 12.00
# Visual Studio Version 16
VisualStudioVersion = 16.0.30517.126
MinimumVisualStudioVersion = 10.0.40219.1
Project("{9A19103F-16F7-4668-BE54-9A1E7A4F7556}") = "red-rocks-web-scaper-api", "red-rocks-web-scaper-api.csproj", "{1131C805-1CAF-49AE-B199-04CC6DC9E072}"
EndProject
Global
	GlobalSection(SolutionConfigurationPlatforms) = preSolution
		Debug|Any CPU = Debug|Any CPU
		Release|Any CPU = Release|Any CPU
	EndGlobalSection
	GlobalSection(ProjectConfigurationPlatforms) = postSolution
		{1131C805-1CAF-49AE-B199-04CC6DC9E072}.Debug|Any CPU.ActiveCfg = Debug|Any CPU
		{1131C805-1CAF-49AE-B199-04CC6DC9E072}.Debug|Any CPU.Build.0 = Debug|Any CPU
		{1131C805-1CAF-49AE-B199-04CC6DC9E072}.Release|Any CPU.ActiveCfg = Release|Any CPU
		{1131C805-1CAF-49AE-B199-04CC6DC9E072}.Release|Any CPU.Build.0 = Release|Any CPU
	EndGlobalSection
	GlobalSection(SolutionProperties) = preSolution
		HideSolutionNode = FALSE
	EndGlobalSection
	GlobalSection(ExtensibilityGlobals) = postSolution
		SolutionGuid = {27B7E8AB-FD0D-429F-806A-61704A90F27C}
	EndGlobalSection
EndGlobal
